
Microsoft Visual Studio Solution File, Format Version 12.00
# Visual Studio 15
VisualStudioVersion = 15.0.28307.421
MinimumVisualStudioVersion = 10.0.40219.1
Project("{FAE04EC0-301F-11D3-BF4B-00C04F79EFBC}") = "BlogspotToHtmlBook", "BlogspotToHtmlBook\BlogspotToHtmlBook.csproj", "{B6EB7569-34D0-4D66-B386-63D97373C3A2}"
EndProject
Global
	GlobalSection(SolutionConfigurationPlatforms) = preSolution
		Debug|Any CPU = Debug|Any CPU
		Release|Any CPU = Release|Any CPU
	EndGlobalSection
	GlobalSection(ProjectConfigurationPlatforms) = postSolution
		{B6EB7569-34D0-4D66-B386-63D97373C3A2}.Debug|Any CPU.ActiveCfg = Debug|Any CPU
		{B6EB7569-34D0-4D66-B386-63D97373C3A2}.Debug|Any CPU.Build.0 = Debug|Any CPU
		{B6EB7569-34D0-4D66-B386-63D97373C3A2}.Release|Any CPU.ActiveCfg = Release|Any CPU
		{B6EB7569-34D0-4D66-B386-63D97373C3A2}.Release|Any CPU.Build.0 = Release|Any CPU
	EndGlobalSection
	GlobalSection(SolutionProperties) = preSolution
		HideSolutionNode = FALSE
	EndGlobalSection
	GlobalSection(ExtensibilityGlobals) = postSolution
		SolutionGuid = {E0B405D0-7AEB-4BE1-8DBD-54D0C85056BB}
	EndGlobalSection
EndGlobal
